
Microsoft Visual Studio Solution File, Format Version 12.00
# Visual Studio Version 16
VisualStudioVersion = 16.0.29920.165
MinimumVisualStudioVersion = 15.0.26124.0
Project("{2150E333-8FDC-42A3-9474-1A3956D46DE8}") = "backend", "backend", "{F6188761-15C7-4A0E-B217-39A034A03172}"
EndProject
Project("{9A19103F-16F7-4668-BE54-9A1E7A4F7556}") = "WebApi", "backend\WebApi\WebApi.csproj", "{4ECE766B-15E9-4487-A3FF-48D05B946F68}"
EndProject
Project("{9A19103F-16F7-4668-BE54-9A1E7A4F7556}") = "WebApiTests", "backend\WebApiTests\WebApiTests.csproj", "{BA16EEAF-B94A-43E7-BEFA-2162053B139B}"
EndProject
Global
	GlobalSection(SolutionConfigurationPlatforms) = preSolution
		Debug|Any CPU = Debug|Any CPU
		Debug|x64 = Debug|x64
		Debug|x86 = Debug|x86
		Release|Any CPU = Release|Any CPU
		Release|x64 = Release|x64
		Release|x86 = Release|x86
	EndGlobalSection
	GlobalSection(ProjectConfigurationPlatforms) = postSolution
		{4ECE766B-15E9-4487-A3FF-48D05B946F68}.Debug|Any CPU.ActiveCfg = Debug|Any CPU
		{4ECE766B-15E9-4487-A3FF-48D05B946F68}.Debug|Any CPU.Build.0 = Debug|Any CPU
		{4ECE766B-15E9-4487-A3FF-48D05B946F68}.Debug|x64.ActiveCfg = Debug|Any CPU
		{4ECE766B-15E9-4487-A3FF-48D05B946F68}.Debug|x64.Build.0 = Debug|Any CPU
		{4ECE766B-15E9-4487-A3FF-48D05B946F68}.Debug|x86.ActiveCfg = Debug|Any CPU
		{4ECE766B-15E9-4487-A3FF-48D05B946F68}.Debug|x86.Build.0 = Debug|Any CPU
		{4ECE766B-15E9-4487-A3FF-48D05B946F68}.Release|Any CPU.ActiveCfg = Release|Any CPU
		{4ECE766B-15E9-4487-A3FF-48D05B946F68}.Release|Any CPU.Build.0 = Release|Any CPU
		{4ECE766B-15E9-4487-A3FF-48D05B946F68}.Release|x64.ActiveCfg = Release|Any CPU
		{4ECE766B-15E9-4487-A3FF-48D05B946F68}.Release|x64.Build.0 = Release|Any CPU
		{4ECE766B-15E9-4487-A3FF-48D05B946F68}.Release|x86.ActiveCfg = Release|Any CPU
		{4ECE766B-15E9-4487-A3FF-48D05B946F68}.Release|x86.Build.0 = Release|Any CPU
		{BA16EEAF-B94A-43E7-BEFA-2162053B139B}.Debug|Any CPU.ActiveCfg = Debug|Any CPU
		{BA16EEAF-B94A-43E7-BEFA-2162053B139B}.Debug|Any CPU.Build.0 = Debug|Any CPU
		{BA16EEAF-B94A-43E7-BEFA-2162053B139B}.Debug|x64.ActiveCfg = Debug|Any CPU
		{BA16EEAF-B94A-43E7-BEFA-2162053B139B}.Debug|x64.Build.0 = Debug|Any CPU
		{BA16EEAF-B94A-43E7-BEFA-2162053B139B}.Debug|x86.ActiveCfg = Debug|Any CPU
		{BA16EEAF-B94A-43E7-BEFA-2162053B139B}.Debug|x86.Build.0 = Debug|Any CPU
		{BA16EEAF-B94A-43E7-BEFA-2162053B139B}.Release|Any CPU.ActiveCfg = Release|Any CPU
		{BA16EEAF-B94A-43E7-BEFA-2162053B139B}.Release|Any CPU.Build.0 = Release|Any CPU
		{BA16EEAF-B94A-43E7-BEFA-2162053B139B}.Release|x64.ActiveCfg = Release|Any CPU
		{BA16EEAF-B94A-43E7-BEFA-2162053B139B}.Release|x64.Build.0 = Release|Any CPU
		{BA16EEAF-B94A-43E7-BEFA-2162053B139B}.Release|x86.ActiveCfg = Release|Any CPU
		{BA16EEAF-B94A-43E7-BEFA-2162053B139B}.Release|x86.Build.0 = Release|Any CPU
	EndGlobalSection
	GlobalSection(SolutionProperties) = preSolution
		HideSolutionNode = FALSE
	EndGlobalSection
	GlobalSection(NestedProjects) = preSolution
		{4ECE766B-15E9-4487-A3FF-48D05B946F68} = {F6188761-15C7-4A0E-B217-39A034A03172}
	EndGlobalSection
	GlobalSection(ExtensibilityGlobals) = postSolution
		SolutionGuid = {879D620D-121B-4288-815D-72C189E07E6F}
	EndGlobalSection
EndGlobal
